// !$*UTF8*$!
{
	archiveVersion = 1;
	classes = {
	};
	objectVersion = 56;
	objects = {

/* Begin PBXBuildFile section */
		0B3067FC2F4C2625003A33F7 /* FirebaseFunctions in Frameworks */ = {isa = PBXBuildFile; productRef = 0B3067FB2F4C2625003A33F7 /* FirebaseFunctions */; };
		0B6BDCF12F49726000996928 /* FirestoreStoreRepository.swift in Sources */ = {isa = PBXBuildFile; fileRef = 0B6BDCF02F49720B00996928 /* FirestoreStoreRepository.swift */; };
		0B885E2D2F41905D0011D606 /* FirebaseAuth in Frameworks */ = {isa = PBXBuildFile; productRef = 0B885E2C2F41905D0011D606 /* FirebaseAuth */; };
		0B885E2F2F41905D0011D606 /* FirebaseCore in Frameworks */ = {isa = PBXBuildFile; productRef = 0B885E2E2F41905D0011D606 /* FirebaseCore */; };
		0B885E312F41905D0011D606 /* FirebaseFirestore in Frameworks */ = {isa = PBXBuildFile; productRef = 0B885E302F41905D0011D606 /* FirebaseFirestore */; };
		0B885E3B2F419CF50011D606 /* GoogleService-Info.plist in Resources */ = {isa = PBXBuildFile; fileRef = 0B885E3A2F419CF50011D606 /* GoogleService-Info.plist */; };
		BEEFABCD1234000000000029 /* AppContainer.swift in Sources */ = {isa = PBXBuildFile; fileRef = BEEFABCD1234000000000001 /* AppContainer.swift */; };
		BEEFABCD123400000000002A /* AppDelegate.swift in Sources */ = {isa = PBXBuildFile; fileRef = BEEFABCD1234000000000002 /* AppDelegate.swift */; };
		BEEFABCD123400000000002B /* StoreCheckApp.swift in Sources */ = {isa = PBXBuildFile; fileRef = BEEFABCD1234000000000003 /* StoreCheckApp.swift */; };
		BEEFABCD123400000000002C /* LoginView.swift in Sources */ = {isa = PBXBuildFile; fileRef = BEEFABCD1234000000000004 /* LoginView.swift */; };
		BEEFABCD123400000000002D /* RoleSelectionView.swift in Sources */ = {isa = PBXBuildFile; fileRef = BEEFABCD1234000000000005 /* RoleSelectionView.swift */; };
		BEEFABCD123400000000002E /* Theme.swift in Sources */ = {isa = PBXBuildFile; fileRef = BEEFABCD1234000000000006 /* Theme.swift */; };
		BEEFABCD123400000000002F /* CheckIn.swift in Sources */ = {isa = PBXBuildFile; fileRef = BEEFABCD1234000000000007 /* CheckIn.swift */; };
		BEEFABCD1234000000000030 /* LocationStatus.swift in Sources */ = {isa = PBXBuildFile; fileRef = BEEFABCD1234000000000008 /* LocationStatus.swift */; };
		BEEFABCD1234000000000031 /* Store.swift in Sources */ = {isa = PBXBuildFile; fileRef = BEEFABCD1234000000000009 /* Store.swift */; };
		BEEFABCD1234000000000032 /* UserProfile.swift in Sources */ = {isa = PBXBuildFile; fileRef = BEEFABCD123400000000000A /* UserProfile.swift */; };
		BEEFABCD1234000000000033 /* AuthRepository.swift in Sources */ = {isa = PBXBuildFile; fileRef = BEEFABCD123400000000000B /* AuthRepository.swift */; };
		BEEFABCD1234000000000034 /* CheckInRepository.swift in Sources */ = {isa = PBXBuildFile; fileRef = BEEFABCD123400000000000C /* CheckInRepository.swift */; };
		BEEFABCD1234000000000035 /* StoreRepository.swift in Sources */ = {isa = PBXBuildFile; fileRef = BEEFABCD123400000000000D /* StoreRepository.swift */; };
		BEEFABCD1234000000000036 /* UserRepository.swift in Sources */ = {isa = PBXBuildFile; fileRef = BEEFABCD123400000000000E /* UserRepository.swift */; };
		BEEFABCD1234000000000037 /* AuthService.swift in Sources */ = {isa = PBXBuildFile; fileRef = BEEFABCD123400000000000F /* AuthService.swift */; };
		BEEFABCD1234000000000038 /* CSVExportService.swift in Sources */ = {isa = PBXBuildFile; fileRef = BEEFABCD1234000000000010 /* CSVExportService.swift */; };
		BEEFABCD1234000000000039 /* CheckInService.swift in Sources */ = {isa = PBXBuildFile; fileRef = BEEFABCD1234000000000011 /* CheckInService.swift */; };
		BEEFABCD123400000000003A /* DistanceCalculator.swift in Sources */ = {isa = PBXBuildFile; fileRef = BEEFABCD1234000000000012 /* DistanceCalculator.swift */; };
		BEEFABCD123400000000003B /* LocationService.swift in Sources */ = {isa = PBXBuildFile; fileRef = BEEFABCD1234000000000013 /* LocationService.swift */; };
		BEEFABCD123400000000003C /* OfflineCheckInQueue.swift in Sources */ = {isa = PBXBuildFile; fileRef = BEEFABCD1234000000000014 /* OfflineCheckInQueue.swift */; };
		BEEFABCD123400000000003D /* EmployeeDashboardViewModel.swift in Sources */ = {isa = PBXBuildFile; fileRef = BEEFABCD1234000000000015 /* EmployeeDashboardViewModel.swift */; };
		BEEFABCD123400000000003E /* EmployeeHistoryViewModel.swift in Sources */ = {isa = PBXBuildFile; fileRef = BEEFABCD1234000000000016 /* EmployeeHistoryViewModel.swift */; };
		BEEFABCD123400000000003F /* EmployeeManagementViewModel.swift in Sources */ = {isa = PBXBuildFile; fileRef = BEEFABCD1234000000000017 /* EmployeeManagementViewModel.swift */; };
		BEEFABCD1234000000000040 /* LoginViewModel.swift in Sources */ = {isa = PBXBuildFile; fileRef = BEEFABCD1234000000000018 /* LoginViewModel.swift */; };
		BEEFABCD1234000000000041 /* ManagerDashboardViewModel.swift in Sources */ = {isa = PBXBuildFile; fileRef = BEEFABCD1234000000000019 /* ManagerDashboardViewModel.swift */; };
		BEEFABCD1234000000000042 /* RootViewModel.swift in Sources */ = {isa = PBXBuildFile; fileRef = BEEFABCD123400000000001A /* RootViewModel.swift */; };
		BEEFABCD1234000000000043 /* StoreManagementViewModel.swift in Sources */ = {isa = PBXBuildFile; fileRef = BEEFABCD123400000000001B /* StoreManagementViewModel.swift */; };
		BEEFABCD1234000000000044 /* EmployeeDashboardView.swift in Sources */ = {isa = PBXBuildFile; fileRef = BEEFABCD123400000000001C /* EmployeeDashboardView.swift */; };
		BEEFABCD1234000000000045 /* EmployeeHistoryView.swift in Sources */ = {isa = PBXBuildFile; fileRef = BEEFABCD123400000000001D /* EmployeeHistoryView.swift */; };
		BEEFABCD1234000000000046 /* EmployeeTabView.swift in Sources */ = {isa = PBXBuildFile; fileRef = BEEFABCD123400000000001E /* EmployeeTabView.swift */; };
		BEEFABCD1234000000000047 /* ManageEmployeesView.swift in Sources */ = {isa = PBXBuildFile; fileRef = BEEFABCD123400000000001F /* ManageEmployeesView.swift */; };
		BEEFABCD1234000000000048 /* ManageStoresView.swift in Sources */ = {isa = PBXBuildFile; fileRef = BEEFABCD1234000000000020 /* ManageStoresView.swift */; };
		BEEFABCD1234000000000049 /* ManagerDashboardView.swift in Sources */ = {isa = PBXBuildFile; fileRef = BEEFABCD1234000000000021 /* ManagerDashboardView.swift */; };
		BEEFABCD123400000000004A /* ManagerTabView.swift in Sources */ = {isa = PBXBuildFile; fileRef = BEEFABCD1234000000000022 /* ManagerTabView.swift */; };
		BEEFABCD123400000000004B /* RootView.swift in Sources */ = {isa = PBXBuildFile; fileRef = BEEFABCD1234000000000023 /* RootView.swift */; };
		BEEFABCD123400000000004C /* Assets.xcassets in Resources */ = {isa = PBXBuildFile; fileRef = BEEFABCD1234000000000024 /* Assets.xcassets */; };
		BEEFABCD123400000000004D /* LaunchScreen.storyboard in Resources */ = {isa = PBXBuildFile; fileRef = BEEFABCD1234000000000025 /* LaunchScreen.storyboard */; };
		BEEFABCD123400000000004E /* InfoPlist.strings in Resources */ = {isa = PBXBuildFile; fileRef = BEEFABCD1234000000000026 /* InfoPlist.strings */; };
		BEEFABCD123400000000006F /* GoogleSignIn in Frameworks */ = {isa = PBXBuildFile; productRef = BEEFABCD1234000000000071 /* GoogleSignIn */; };
		BEEFABCD1234000000000074 /* UserRole.swift in Sources */ = {isa = PBXBuildFile; fileRef = BEEFABCD1234000000000072 /* UserRole.swift */; };
		BEEFABCD1234000000000075 /* AuthViewModel.swift in Sources */ = {isa = PBXBuildFile; fileRef = BEEFABCD1234000000000073 /* AuthViewModel.swift */; };
		BEEFABCD1234000000000078 /* StoreCheck/Models/LocationPermissionStatus.swift in Sources */ = {isa = PBXBuildFile; fileRef = BEEFABCD1234000000000076 /* StoreCheck/Models/LocationPermissionStatus.swift */; };
		BEEFABCD1234000000000079 /* StoreCheck/Views/Employee/EmployeeSettingsView.swift in Sources */ = {isa = PBXBuildFile; fileRef = BEEFABCD1234000000000077 /* StoreCheck/Views/Employee/EmployeeSettingsView.swift */; };
		BEEFABCD123400000000007B /* FirebaseBootstrap.swift in Sources */ = {isa = PBXBuildFile; fileRef = BEEFABCD123400000000007A /* FirebaseBootstrap.swift */; };
		BEEFABCD123400000000007D /* DebugOptions.swift in Sources */ = {isa = PBXBuildFile; fileRef = BEEFABCD123400000000007C /* DebugOptions.swift */; };
		BEEFABCD1234000000000087 /* RoleProfileRepository.swift in Sources */ = {isa = PBXBuildFile; fileRef = BEEFABCD1234000000000081 /* RoleProfileRepository.swift */; };
		BEEFABCD1234000000000088 /* ManagerAccessRequiredView.swift in Sources */ = {isa = PBXBuildFile; fileRef = BEEFABCD1234000000000082 /* ManagerAccessRequiredView.swift */; };
		BEEFABCD123400000000008A /* ManagerCheckInsViewModel.swift in Sources */ = {isa = PBXBuildFile; fileRef = BEEFABCD123400000000008C /* ManagerCheckInsViewModel.swift */; };
		BEEFABCD123400000000008B /* ManagerCheckInsView.swift in Sources */ = {isa = PBXBuildFile; fileRef = BEEFABCD123400000000008D /* ManagerCheckInsView.swift */; };
		BEEFABCD1234000000000093 /* BiometricAuthService.swift in Sources */ = {isa = PBXBuildFile; fileRef = BEEFABCD1234000000000090 /* BiometricAuthService.swift */; };
		BEEFABCD1234000000000094 /* AppLockViewModel.swift in Sources */ = {isa = PBXBuildFile; fileRef = BEEFABCD1234000000000091 /* AppLockViewModel.swift */; };
		BEEFABCD1234000000000095 /* AppLockOverlayView.swift in Sources */ = {isa = PBXBuildFile; fileRef = BEEFABCD1234000000000092 /* AppLockOverlayView.swift */; };
		C0DE00000000000000000011 /* AppLockManager.swift in Sources */ = {isa = PBXBuildFile; fileRef = C0DE00000000000000000001 /* AppLockManager.swift */; };
		C0DE00000000000000000012 /* KeychainStore.swift in Sources */ = {isa = PBXBuildFile; fileRef = C0DE00000000000000000002 /* KeychainStore.swift */; };
		C0DE00000000000000000013 /* AppLockOverlay.swift in Sources */ = {isa = PBXBuildFile; fileRef = C0DE00000000000000000003 /* AppLockOverlay.swift */; };
/* End PBXBuildFile section */

/* Begin PBXFileReference section */
		0B3067FD2F4C3532003A33F7 /* StoreCheck.entitlements */ = {isa = PBXFileReference; lastKnownFileType = text.plist.entitlements; path = StoreCheck.entitlements; sourceTree = "<group>"; };
		0B6BDCF02F49720B00996928 /* FirestoreStoreRepository.swift */ = {isa = PBXFileReference; lastKnownFileType = sourcecode.swift; path = FirestoreStoreRepository.swift; sourceTree = "<group>"; };
		0B885E3A2F419CF50011D606 /* GoogleService-Info.plist */ = {isa = PBXFileReference; lastKnownFileType = text.plist.xml; path = "GoogleService-Info.plist"; sourceTree = "<group>"; };
		BEEFABCD1234000000000001 /* AppContainer.swift */ = {isa = PBXFileReference; lastKnownFileType = sourcecode.swift; path = AppContainer.swift; sourceTree = "<group>"; };
		BEEFABCD1234000000000002 /* AppDelegate.swift */ = {isa = PBXFileReference; lastKnownFileType = sourcecode.swift; path = AppDelegate.swift; sourceTree = "<group>"; };
		BEEFABCD1234000000000003 /* StoreCheckApp.swift */ = {isa = PBXFileReference; lastKnownFileType = sourcecode.swift; path = StoreCheckApp.swift; sourceTree = "<group>"; };
		BEEFABCD1234000000000004 /* LoginView.swift */ = {isa = PBXFileReference; lastKnownFileType = sourcecode.swift; path = LoginView.swift; sourceTree = "<group>"; };
		BEEFABCD1234000000000005 /* RoleSelectionView.swift */ = {isa = PBXFileReference; lastKnownFileType = sourcecode.swift; path = RoleSelectionView.swift; sourceTree = "<group>"; };
		BEEFABCD1234000000000006 /* Theme.swift */ = {isa = PBXFileReference; lastKnownFileType = sourcecode.swift; path = Theme.swift; sourceTree = "<group>"; };
		BEEFABCD1234000000000007 /* CheckIn.swift */ = {isa = PBXFileReference; lastKnownFileType = sourcecode.swift; path = CheckIn.swift; sourceTree = "<group>"; };
		BEEFABCD1234000000000008 /* LocationStatus.swift */ = {isa = PBXFileReference; lastKnownFileType = sourcecode.swift; path = LocationStatus.swift; sourceTree = "<group>"; };
		BEEFABCD1234000000000009 /* Store.swift */ = {isa = PBXFileReference; lastKnownFileType = sourcecode.swift; path = Store.swift; sourceTree = "<group>"; };
		BEEFABCD123400000000000A /* UserProfile.swift */ = {isa = PBXFileReference; lastKnownFileType = sourcecode.swift; path = UserProfile.swift; sourceTree = "<group>"; };
		BEEFABCD123400000000000B /* AuthRepository.swift */ = {isa = PBXFileReference; lastKnownFileType = sourcecode.swift; path = AuthRepository.swift; sourceTree = "<group>"; };
		BEEFABCD123400000000000C /* CheckInRepository.swift */ = {isa = PBXFileReference; lastKnownFileType = sourcecode.swift; path = CheckInRepository.swift; sourceTree = "<group>"; };
		BEEFABCD123400000000000D /* StoreRepository.swift */ = {isa = PBXFileReference; lastKnownFileType = sourcecode.swift; path = StoreRepository.swift; sourceTree = "<group>"; };
		BEEFABCD123400000000000E /* UserRepository.swift */ = {isa = PBXFileReference; lastKnownFileType = sourcecode.swift; path = UserRepository.swift; sourceTree = "<group>"; };
		BEEFABCD123400000000000F /* AuthService.swift */ = {isa = PBXFileReference; lastKnownFileType = sourcecode.swift; path = AuthService.swift; sourceTree = "<group>"; };
		BEEFABCD1234000000000010 /* CSVExportService.swift */ = {isa = PBXFileReference; lastKnownFileType = sourcecode.swift; path = CSVExportService.swift; sourceTree = "<group>"; };
		BEEFABCD1234000000000011 /* CheckInService.swift */ = {isa = PBXFileReference; lastKnownFileType = sourcecode.swift; path = CheckInService.swift; sourceTree = "<group>"; };
		BEEFABCD1234000000000012 /* DistanceCalculator.swift */ = {isa = PBXFileReference; lastKnownFileType = sourcecode.swift; path = DistanceCalculator.swift; sourceTree = "<group>"; };
		BEEFABCD1234000000000013 /* LocationService.swift */ = {isa = PBXFileReference; lastKnownFileType = sourcecode.swift; path = LocationService.swift; sourceTree = "<group>"; };
		BEEFABCD1234000000000014 /* OfflineCheckInQueue.swift */ = {isa = PBXFileReference; lastKnownFileType = sourcecode.swift; path = OfflineCheckInQueue.swift; sourceTree = "<group>"; };
		BEEFABCD1234000000000015 /* EmployeeDashboardViewModel.swift */ = {isa = PBXFileReference; lastKnownFileType = sourcecode.swift; path = EmployeeDashboardViewModel.swift; sourceTree = "<group>"; };
		BEEFABCD1234000000000016 /* EmployeeHistoryViewModel.swift */ = {isa = PBXFileReference; lastKnownFileType = sourcecode.swift; path = EmployeeHistoryViewModel.swift; sourceTree = "<group>"; };
		BEEFABCD1234000000000017 /* EmployeeManagementViewModel.swift */ = {isa = PBXFileReference; lastKnownFileType = sourcecode.swift; path = EmployeeManagementViewModel.swift; sourceTree = "<group>"; };
		BEEFABCD1234000000000018 /* LoginViewModel.swift */ = {isa = PBXFileReference; lastKnownFileType = sourcecode.swift; path = LoginViewModel.swift; sourceTree = "<group>"; };
		BEEFABCD1234000000000019 /* ManagerDashboardViewModel.swift */ = {isa = PBXFileReference; lastKnownFileType = sourcecode.swift; path = ManagerDashboardViewModel.swift; sourceTree = "<group>"; };
		BEEFABCD123400000000001A /* RootViewModel.swift */ = {isa = PBXFileReference; lastKnownFileType = sourcecode.swift; path = RootViewModel.swift; sourceTree = "<group>"; };
		BEEFABCD123400000000001B /* StoreManagementViewModel.swift */ = {isa = PBXFileReference; lastKnownFileType = sourcecode.swift; path = StoreManagementViewModel.swift; sourceTree = "<group>"; };
		BEEFABCD123400000000001C /* EmployeeDashboardView.swift */ = {isa = PBXFileReference; lastKnownFileType = sourcecode.swift; path = EmployeeDashboardView.swift; sourceTree = "<group>"; };
		BEEFABCD123400000000001D /* EmployeeHistoryView.swift */ = {isa = PBXFileReference; lastKnownFileType = sourcecode.swift; path = EmployeeHistoryView.swift; sourceTree = "<group>"; };
		BEEFABCD123400000000001E /* EmployeeTabView.swift */ = {isa = PBXFileReference; lastKnownFileType = sourcecode.swift; path = EmployeeTabView.swift; sourceTree = "<group>"; };
		BEEFABCD123400000000001F /* ManageEmployeesView.swift */ = {isa = PBXFileReference; lastKnownFileType = sourcecode.swift; path = ManageEmployeesView.swift; sourceTree = "<group>"; };
		BEEFABCD1234000000000020 /* ManageStoresView.swift */ = {isa = PBXFileReference; lastKnownFileType = sourcecode.swift; path = ManageStoresView.swift; sourceTree = "<group>"; };
		BEEFABCD1234000000000021 /* ManagerDashboardView.swift */ = {isa = PBXFileReference; lastKnownFileType = sourcecode.swift; path = ManagerDashboardView.swift; sourceTree = "<group>"; };
		BEEFABCD1234000000000022 /* ManagerTabView.swift */ = {isa = PBXFileReference; lastKnownFileType = sourcecode.swift; path = ManagerTabView.swift; sourceTree = "<group>"; };
		BEEFABCD1234000000000023 /* RootView.swift */ = {isa = PBXFileReference; lastKnownFileType = sourcecode.swift; path = RootView.swift; sourceTree = "<group>"; };
		BEEFABCD1234000000000024 /* Assets.xcassets */ = {isa = PBXFileReference; lastKnownFileType = folder.assetcatalog; path = Assets.xcassets; sourceTree = "<group>"; };
		BEEFABCD1234000000000025 /* LaunchScreen.storyboard */ = {isa = PBXFileReference; lastKnownFileType = file.storyboard; path = LaunchScreen.storyboard; sourceTree = "<group>"; };
		BEEFABCD1234000000000026 /* InfoPlist.strings */ = {isa = PBXFileReference; lastKnownFileType = text.plist.strings; path = InfoPlist.strings; sourceTree = "<group>"; };
		BEEFABCD1234000000000027 /* Info.plist */ = {isa = PBXFileReference; lastKnownFileType = text.plist.xml; path = Info.plist; sourceTree = "<group>"; };
		BEEFABCD1234000000000028 /* StoreCheck.app */ = {isa = PBXFileReference; explicitFileType = wrapper.application; includeInIndex = 0; path = StoreCheck.app; sourceTree = BUILT_PRODUCTS_DIR; };
		BEEFABCD1234000000000072 /* UserRole.swift */ = {isa = PBXFileReference; lastKnownFileType = sourcecode.swift; path = UserRole.swift; sourceTree = "<group>"; };
		BEEFABCD1234000000000073 /* AuthViewModel.swift */ = {isa = PBXFileReference; lastKnownFileType = sourcecode.swift; path = AuthViewModel.swift; sourceTree = "<group>"; };
		BEEFABCD1234000000000076 /* StoreCheck/Models/LocationPermissionStatus.swift */ = {isa = PBXFileReference; lastKnownFileType = sourcecode.swift; path = StoreCheck/Models/LocationPermissionStatus.swift; sourceTree = SOURCE_ROOT; };
		BEEFABCD1234000000000077 /* StoreCheck/Views/Employee/EmployeeSettingsView.swift */ = {isa = PBXFileReference; lastKnownFileType = sourcecode.swift; path = StoreCheck/Views/Employee/EmployeeSettingsView.swift; sourceTree = SOURCE_ROOT; };
		BEEFABCD123400000000007A /* FirebaseBootstrap.swift */ = {isa = PBXFileReference; lastKnownFileType = sourcecode.swift; path = FirebaseBootstrap.swift; sourceTree = "<group>"; };
		BEEFABCD123400000000007C /* DebugOptions.swift */ = {isa = PBXFileReference; lastKnownFileType = sourcecode.swift; path = DebugOptions.swift; sourceTree = "<group>"; };
		BEEFABCD1234000000000081 /* RoleProfileRepository.swift */ = {isa = PBXFileReference; lastKnownFileType = sourcecode.swift; path = RoleProfileRepository.swift; sourceTree = "<group>"; };
		BEEFABCD1234000000000082 /* ManagerAccessRequiredView.swift */ = {isa = PBXFileReference; lastKnownFileType = sourcecode.swift; path = ManagerAccessRequiredView.swift; sourceTree = "<group>"; };
		BEEFABCD123400000000008C /* ManagerCheckInsViewModel.swift */ = {isa = PBXFileReference; lastKnownFileType = sourcecode.swift; path = ManagerCheckInsViewModel.swift; sourceTree = "<group>"; };
		BEEFABCD123400000000008D /* ManagerCheckInsView.swift */ = {isa = PBXFileReference; lastKnownFileType = sourcecode.swift; path = ManagerCheckInsView.swift; sourceTree = "<group>"; };
		BEEFABCD1234000000000090 /* BiometricAuthService.swift */ = {isa = PBXFileReference; lastKnownFileType = sourcecode.swift; path = BiometricAuthService.swift; sourceTree = "<group>"; };
		BEEFABCD1234000000000091 /* AppLockViewModel.swift */ = {isa = PBXFileReference; lastKnownFileType = sourcecode.swift; path = AppLockViewModel.swift; sourceTree = "<group>"; };
		BEEFABCD1234000000000092 /* AppLockOverlayView.swift */ = {isa = PBXFileReference; lastKnownFileType = sourcecode.swift; path = AppLockOverlayView.swift; sourceTree = "<group>"; };
		C0DE00000000000000000001 /* AppLockManager.swift */ = {isa = PBXFileReference; lastKnownFileType = sourcecode.swift; path = AppLockManager.swift; sourceTree = "<group>"; };
		C0DE00000000000000000002 /* KeychainStore.swift */ = {isa = PBXFileReference; lastKnownFileType = sourcecode.swift; path = KeychainStore.swift; sourceTree = "<group>"; };
		C0DE00000000000000000003 /* AppLockOverlay.swift */ = {isa = PBXFileReference; lastKnownFileType = sourcecode.swift; path = AppLockOverlay.swift; sourceTree = "<group>"; };
/* End PBXFileReference section */

/* Begin PBXFrameworksBuildPhase section */
		BEEFABCD123400000000005F /* Frameworks */ = {
			isa = PBXFrameworksBuildPhase;
			buildActionMask = 2147483647;
			files = (
				BEEFABCD123400000000006F /* GoogleSignIn in Frameworks */,
				0B885E312F41905D0011D606 /* FirebaseFirestore in Frameworks */,
				0B3067FC2F4C2625003A33F7 /* FirebaseFunctions in Frameworks */,
				0B885E2F2F41905D0011D606 /* FirebaseCore in Frameworks */,
				0B885E2D2F41905D0011D606 /* FirebaseAuth in Frameworks */,
			);
			runOnlyForDeploymentPostprocessing = 0;
		};
/* End PBXFrameworksBuildPhase section */

/* Begin PBXGroup section */
		0B885E2A2F418FF30011D606 /* Frameworks */ = {
			isa = PBXGroup;
			children = (
			);
			name = Frameworks;
			sourceTree = "<group>";
		};
		BEEFABCD1234000000000051 = {
			isa = PBXGroup;
			children = (
				BEEFABCD1234000000000053 /* StoreCheck */,
				0B885E2A2F418FF30011D606 /* Frameworks */,
				BEEFABCD1234000000000052,
			);
			sourceTree = "<group>";
		};
		BEEFABCD1234000000000052 = {
			isa = PBXGroup;
			children = (
				BEEFABCD1234000000000028 /* StoreCheck.app */,
			);
			sourceTree = "<group>";
		};
		BEEFABCD1234000000000053 /* StoreCheck */ = {
			isa = PBXGroup;
			children = (
				0B3067FD2F4C3532003A33F7 /* StoreCheck.entitlements */,
				BEEFABCD1234000000000055 /* App */,
				BEEFABCD1234000000000056 /* Auth */,
				BEEFABCD1234000000000057 /* DesignSystem */,
				BEEFABCD1234000000000058 /* Models */,
				BEEFABCD1234000000000059 /* Repositories */,
				BEEFABCD123400000000005A /* Services */,
				BEEFABCD123400000000005B /* ViewModels */,
				BEEFABCD123400000000005C /* Views */,
				BEEFABCD1234000000000096 /* AppLock */,
				C0DE00000000000000000010 /* Security */,
				BEEFABCD1234000000000054 /* SupportingFiles */,
				0B885E3A2F419CF50011D606 /* GoogleService-Info.plist */,
			);
			path = StoreCheck;
			sourceTree = "<group>";
		};
		BEEFABCD1234000000000054 /* SupportingFiles */ = {
			isa = PBXGroup;
			children = (
				BEEFABCD1234000000000027 /* Info.plist */,
				BEEFABCD1234000000000026 /* InfoPlist.strings */,
				BEEFABCD1234000000000025 /* LaunchScreen.storyboard */,
				BEEFABCD1234000000000024 /* Assets.xcassets */,
			);
			path = SupportingFiles;
			sourceTree = "<group>";
		};
		BEEFABCD1234000000000055 /* App */ = {
			isa = PBXGroup;
			children = (
				BEEFABCD1234000000000001 /* AppContainer.swift */,
				BEEFABCD1234000000000002 /* AppDelegate.swift */,
				BEEFABCD1234000000000003 /* StoreCheckApp.swift */,
				BEEFABCD123400000000007A /* FirebaseBootstrap.swift */,
				BEEFABCD123400000000007C /* DebugOptions.swift */,
			);
			path = App;
			sourceTree = "<group>";
		};
		BEEFABCD1234000000000056 /* Auth */ = {
			isa = PBXGroup;
			children = (
				BEEFABCD1234000000000004 /* LoginView.swift */,
				BEEFABCD1234000000000005 /* RoleSelectionView.swift */,
			);
			path = Auth;
			sourceTree = "<group>";
		};
		BEEFABCD1234000000000057 /* DesignSystem */ = {
			isa = PBXGroup;
			children = (
				BEEFABCD1234000000000006 /* Theme.swift */,
			);
			path = DesignSystem;
			sourceTree = "<group>";
		};
		BEEFABCD1234000000000058 /* Models */ = {
			isa = PBXGroup;
			children = (
				BEEFABCD1234000000000007 /* CheckIn.swift */,
				BEEFABCD1234000000000076 /* StoreCheck/Models/LocationPermissionStatus.swift */,
				BEEFABCD1234000000000008 /* LocationStatus.swift */,
				BEEFABCD1234000000000009 /* Store.swift */,
				BEEFABCD123400000000000A /* UserProfile.swift */,
				BEEFABCD1234000000000072 /* UserRole.swift */,
			);
			path = Models;
			sourceTree = "<group>";
		};
		BEEFABCD1234000000000059 /* Repositories */ = {
			isa = PBXGroup;
			children = (
				0B6BDCF02F49720B00996928 /* FirestoreStoreRepository.swift */,
				BEEFABCD123400000000000B /* AuthRepository.swift */,
				BEEFABCD123400000000000C /* CheckInRepository.swift */,
				BEEFABCD123400000000000D /* StoreRepository.swift */,
				BEEFABCD123400000000000E /* UserRepository.swift */,
				BEEFABCD1234000000000081 /* RoleProfileRepository.swift */,
			);
			path = Repositories;
			sourceTree = "<group>";
		};
		BEEFABCD123400000000005A /* Services */ = {
			isa = PBXGroup;
			children = (
				BEEFABCD123400000000000F /* AuthService.swift */,
				BEEFABCD1234000000000010 /* CSVExportService.swift */,
				BEEFABCD1234000000000011 /* CheckInService.swift */,
				BEEFABCD1234000000000012 /* DistanceCalculator.swift */,
				BEEFABCD1234000000000013 /* LocationService.swift */,
				BEEFABCD1234000000000014 /* OfflineCheckInQueue.swift */,
			);
			path = Services;
			sourceTree = "<group>";
		};
		BEEFABCD123400000000005B /* ViewModels */ = {
			isa = PBXGroup;
			children = (
				BEEFABCD1234000000000073 /* AuthViewModel.swift */,
				BEEFABCD1234000000000015 /* EmployeeDashboardViewModel.swift */,
				BEEFABCD1234000000000016 /* EmployeeHistoryViewModel.swift */,
				BEEFABCD1234000000000017 /* EmployeeManagementViewModel.swift */,
				BEEFABCD1234000000000018 /* LoginViewModel.swift */,
				BEEFABCD1234000000000019 /* ManagerDashboardViewModel.swift */,
				BEEFABCD123400000000008C /* ManagerCheckInsViewModel.swift */,
				BEEFABCD123400000000001A /* RootViewModel.swift */,
				BEEFABCD123400000000001B /* StoreManagementViewModel.swift */,
			);
			path = ViewModels;
			sourceTree = "<group>";
		};
		BEEFABCD123400000000005C /* Views */ = {
			isa = PBXGroup;
			children = (
				BEEFABCD1234000000000080 /* Employee */,
				BEEFABCD123400000000001C /* EmployeeDashboardView.swift */,
				BEEFABCD123400000000001D /* EmployeeHistoryView.swift */,
				BEEFABCD123400000000001E /* EmployeeTabView.swift */,
				BEEFABCD123400000000001F /* ManageEmployeesView.swift */,
				BEEFABCD1234000000000020 /* ManageStoresView.swift */,
				BEEFABCD1234000000000021 /* ManagerDashboardView.swift */,
				BEEFABCD123400000000008D /* ManagerCheckInsView.swift */,
				BEEFABCD1234000000000022 /* ManagerTabView.swift */,
				BEEFABCD1234000000000023 /* RootView.swift */,
				BEEFABCD1234000000000082 /* ManagerAccessRequiredView.swift */,
			);
			path = Views;
			sourceTree = "<group>";
		};
		BEEFABCD1234000000000080 /* Employee */ = {
			isa = PBXGroup;
			children = (
				BEEFABCD1234000000000077 /* StoreCheck/Views/Employee/EmployeeSettingsView.swift */,
			);
			path = Employee;
			sourceTree = "<group>";
		};
		BEEFABCD1234000000000096 /* AppLock */ = {
			isa = PBXGroup;
			children = (
				BEEFABCD1234000000000090 /* BiometricAuthService.swift */,
				BEEFABCD1234000000000091 /* AppLockViewModel.swift */,
				BEEFABCD1234000000000092 /* AppLockOverlayView.swift */,
			);
			path = AppLock;
			sourceTree = "<group>";
		};
		C0DE00000000000000000010 /* Security */ = {
			isa = PBXGroup;
			children = (
				C0DE00000000000000000001 /* AppLockManager.swift */,
				C0DE00000000000000000002 /* KeychainStore.swift */,
				C0DE00000000000000000003 /* AppLockOverlay.swift */,
			);
			path = Security;
			sourceTree = "<group>";
		};
/* End PBXGroup section */

/* Begin PBXNativeTarget section */
		BEEFABCD1234000000000050 /* StoreCheck */ = {
			isa = PBXNativeTarget;
			buildConfigurationList = BEEFABCD1234000000000061 /* Build configuration list for PBXNativeTarget "StoreCheck" */;
			buildPhases = (
				BEEFABCD123400000000005D /* Sources */,
				BEEFABCD123400000000005F /* Frameworks */,
				BEEFABCD123400000000005E /* Resources */,
			);
			buildRules = (
			);
			dependencies = (
			);
			name = StoreCheck;
			packageProductDependencies = (
				BEEFABCD1234000000000071 /* GoogleSignIn */,
				0B885E2C2F41905D0011D606 /* FirebaseAuth */,
				0B885E2E2F41905D0011D606 /* FirebaseCore */,
				0B885E302F41905D0011D606 /* FirebaseFirestore */,
				0B3067FB2F4C2625003A33F7 /* FirebaseFunctions */,
			);
			productName = StoreCheck;
			productReference = BEEFABCD1234000000000028 /* StoreCheck.app */;
			productType = "com.apple.product-type.application";
		};
/* End PBXNativeTarget section */

/* Begin PBXProject section */
		BEEFABCD123400000000004F /* Project object */ = {
			isa = PBXProject;
			attributes = {
				BuildIndependentTargetsInParallel = 1;
				LastSwiftUpdateCheck = 1600;
				LastUpgradeCheck = 1600;
				TargetAttributes = {
					BEEFABCD1234000000000050 = {
						CreatedOnToolsVersion = 16.0;
					};
				};
			};
			buildConfigurationList = BEEFABCD1234000000000060 /* Build configuration list for PBXProject "StoreCheck" */;
			compatibilityVersion = "Xcode 14.0";
			developmentRegion = en;
			hasScannedForEncodings = 0;
			knownRegions = (
				en,
				Base,
			);
			mainGroup = BEEFABCD1234000000000051;
			packageReferences = (
				BEEFABCD1234000000000070 /* XCRemoteSwiftPackageReference "GoogleSignIn-iOS" */,
				0B885E2B2F41905D0011D606 /* XCRemoteSwiftPackageReference "firebase-ios-sdk" */,
			);
			productRefGroup = BEEFABCD1234000000000052;
			projectDirPath = "";
			projectRoot = "";
			targets = (
				BEEFABCD1234000000000050 /* StoreCheck */,
			);
		};
/* End PBXProject section */

/* Begin PBXResourcesBuildPhase section */
		BEEFABCD123400000000005E /* Resources */ = {
			isa = PBXResourcesBuildPhase;
			buildActionMask = 2147483647;
			files = (
				BEEFABCD123400000000004C /* Assets.xcassets in Resources */,
				0B885E3B2F419CF50011D606 /* GoogleService-Info.plist in Resources */,
				BEEFABCD123400000000004D /* LaunchScreen.storyboard in Resources */,
				BEEFABCD123400000000004E /* InfoPlist.strings in Resources */,
			);
			runOnlyForDeploymentPostprocessing = 0;
		};
/* End PBXResourcesBuildPhase section */

/* Begin PBXSourcesBuildPhase section */
		BEEFABCD123400000000005D /* Sources */ = {
			isa = PBXSourcesBuildPhase;
			buildActionMask = 2147483647;
			files = (
				BEEFABCD1234000000000029 /* AppContainer.swift in Sources */,
				BEEFABCD123400000000002A /* AppDelegate.swift in Sources */,
				BEEFABCD123400000000002B /* StoreCheckApp.swift in Sources */,
				BEEFABCD123400000000007B /* FirebaseBootstrap.swift in Sources */,
				BEEFABCD123400000000007D /* DebugOptions.swift in Sources */,
				BEEFABCD123400000000002C /* LoginView.swift in Sources */,
				BEEFABCD123400000000002D /* RoleSelectionView.swift in Sources */,
				BEEFABCD123400000000002E /* Theme.swift in Sources */,
				BEEFABCD123400000000002F /* CheckIn.swift in Sources */,
				BEEFABCD1234000000000078 /* StoreCheck/Models/LocationPermissionStatus.swift in Sources */,
				BEEFABCD1234000000000030 /* LocationStatus.swift in Sources */,
				BEEFABCD1234000000000031 /* Store.swift in Sources */,
				BEEFABCD1234000000000032 /* UserProfile.swift in Sources */,
				0B6BDCF12F49726000996928 /* FirestoreStoreRepository.swift in Sources */,
				BEEFABCD1234000000000074 /* UserRole.swift in Sources */,
				BEEFABCD1234000000000033 /* AuthRepository.swift in Sources */,
				BEEFABCD1234000000000034 /* CheckInRepository.swift in Sources */,
				BEEFABCD1234000000000035 /* StoreRepository.swift in Sources */,
				BEEFABCD1234000000000036 /* UserRepository.swift in Sources */,
				BEEFABCD1234000000000087 /* RoleProfileRepository.swift in Sources */,
				BEEFABCD1234000000000037 /* AuthService.swift in Sources */,
				BEEFABCD1234000000000038 /* CSVExportService.swift in Sources */,
				BEEFABCD1234000000000039 /* CheckInService.swift in Sources */,
				BEEFABCD123400000000003A /* DistanceCalculator.swift in Sources */,
				BEEFABCD123400000000003B /* LocationService.swift in Sources */,
				BEEFABCD123400000000003C /* OfflineCheckInQueue.swift in Sources */,
				BEEFABCD123400000000003D /* EmployeeDashboardViewModel.swift in Sources */,
				BEEFABCD123400000000003E /* EmployeeHistoryViewModel.swift in Sources */,
				BEEFABCD123400000000003F /* EmployeeManagementViewModel.swift in Sources */,
				BEEFABCD1234000000000040 /* LoginViewModel.swift in Sources */,
				BEEFABCD1234000000000041 /* ManagerDashboardViewModel.swift in Sources */,
				BEEFABCD123400000000008A /* ManagerCheckInsViewModel.swift in Sources */,
				BEEFABCD1234000000000042 /* RootViewModel.swift in Sources */,
				BEEFABCD1234000000000043 /* StoreManagementViewModel.swift in Sources */,
				BEEFABCD1234000000000075 /* AuthViewModel.swift in Sources */,
				BEEFABCD1234000000000044 /* EmployeeDashboardView.swift in Sources */,
				BEEFABCD1234000000000045 /* EmployeeHistoryView.swift in Sources */,
				BEEFABCD1234000000000046 /* EmployeeTabView.swift in Sources */,
				BEEFABCD1234000000000079 /* StoreCheck/Views/Employee/EmployeeSettingsView.swift in Sources */,
				BEEFABCD1234000000000047 /* ManageEmployeesView.swift in Sources */,
				BEEFABCD1234000000000048 /* ManageStoresView.swift in Sources */,
				BEEFABCD1234000000000049 /* ManagerDashboardView.swift in Sources */,
				BEEFABCD123400000000008B /* ManagerCheckInsView.swift in Sources */,
				BEEFABCD123400000000004A /* ManagerTabView.swift in Sources */,
				BEEFABCD123400000000004B /* RootView.swift in Sources */,
				BEEFABCD1234000000000088 /* ManagerAccessRequiredView.swift in Sources */,
				BEEFABCD1234000000000093 /* BiometricAuthService.swift in Sources */,
				BEEFABCD1234000000000094 /* AppLockViewModel.swift in Sources */,
				BEEFABCD1234000000000095 /* AppLockOverlayView.swift in Sources */,
				C0DE00000000000000000011 /* AppLockManager.swift in Sources */,
				C0DE00000000000000000012 /* KeychainStore.swift in Sources */,
				C0DE00000000000000000013 /* AppLockOverlay.swift in Sources */,
			);
			runOnlyForDeploymentPostprocessing = 0;
		};
/* End PBXSourcesBuildPhase section */

/* Begin XCBuildConfiguration section */
		BEEFABCD1234000000000062 /* Debug */ = {
			isa = XCBuildConfiguration;
			buildSettings = {
				ASSETCATALOG_COMPILER_APPICON_NAME = AppIcon;
				CODE_SIGN_ENTITLEMENTS = StoreCheck/StoreCheck.entitlements;
				CODE_SIGN_STYLE = Automatic;
				CURRENT_PROJECT_VERSION = 1;
				DEVELOPMENT_TEAM = XA5BVJ88VD;
				GENERATE_INFOPLIST_FILE = NO;
				INFOPLIST_FILE = StoreCheck/SupportingFiles/Info.plist;
				INFOPLIST_KEY_LSApplicationCategoryType = "public.app-category.business";
				IPHONEOS_DEPLOYMENT_TARGET = 17.6;
				LD_RUNPATH_SEARCH_PATHS = (
					"$(inherited)",
					"@executable_path/Frameworks",
				);
				MARKETING_VERSION = 1.0;
				PRODUCT_BUNDLE_IDENTIFIER = com.storecheck.app;
				PRODUCT_NAME = "$(TARGET_NAME)";
				SUPPORTED_PLATFORMS = "iphoneos iphonesimulator";
				SUPPORTS_MACCATALYST = NO;
				SUPPORTS_MAC_DESIGNED_FOR_IPHONE_IPAD = NO;
				SUPPORTS_XR_DESIGNED_FOR_IPHONE_IPAD = NO;
				SWIFT_EMIT_LOC_STRINGS = YES;
				SWIFT_VERSION = 5.10;
				TARGETED_DEVICE_FAMILY = 1;
			};
			name = Debug;
		};
		BEEFABCD1234000000000063 /* Release */ = {
			isa = XCBuildConfiguration;
			buildSettings = {
				ASSETCATALOG_COMPILER_APPICON_NAME = AppIcon;
				CODE_SIGN_ENTITLEMENTS = StoreCheck/StoreCheck.entitlements;
				CODE_SIGN_STYLE = Automatic;
				CURRENT_PROJECT_VERSION = 1;
				DEVELOPMENT_TEAM = XA5BVJ88VD;
				GENERATE_INFOPLIST_FILE = NO;
				INFOPLIST_FILE = StoreCheck/SupportingFiles/Info.plist;
				INFOPLIST_KEY_LSApplicationCategoryType = "public.app-category.business";
				IPHONEOS_DEPLOYMENT_TARGET = 17.6;
				LD_RUNPATH_SEARCH_PATHS = (
					"$(inherited)",
					"@executable_path/Frameworks",
				);
				MARKETING_VERSION = 1.0;
				PRODUCT_BUNDLE_IDENTIFIER = com.storecheck.app;
				PRODUCT_NAME = "$(TARGET_NAME)";
				SUPPORTED_PLATFORMS = "iphoneos iphonesimulator";
				SUPPORTS_MACCATALYST = NO;
				SUPPORTS_MAC_DESIGNED_FOR_IPHONE_IPAD = NO;
				SUPPORTS_XR_DESIGNED_FOR_IPHONE_IPAD = NO;
				SWIFT_EMIT_LOC_STRINGS = YES;
				SWIFT_VERSION = 5.10;
				TARGETED_DEVICE_FAMILY = 1;
			};
			name = Release;
		};
		BEEFABCD1234000000000064 /* Debug */ = {
			isa = XCBuildConfiguration;
			buildSettings = {
				ALWAYS_SEARCH_USER_PATHS = NO;
				CLANG_ENABLE_MODULES = YES;
				GCC_C_LANGUAGE_STANDARD = gnu17;
				IPHONEOS_DEPLOYMENT_TARGET = 17.6;
				SDKROOT = iphoneos;
				SWIFT_VERSION = 5.10;
				TARGETED_DEVICE_FAMILY = "1,2";
			};
			name = Debug;
		};
		BEEFABCD1234000000000065 /* Release */ = {
			isa = XCBuildConfiguration;
			buildSettings = {
				ALWAYS_SEARCH_USER_PATHS = NO;
				CLANG_ENABLE_MODULES = YES;
				GCC_C_LANGUAGE_STANDARD = gnu17;
				IPHONEOS_DEPLOYMENT_TARGET = 17.6;
				SDKROOT = iphoneos;
				SWIFT_VERSION = 5.10;
				TARGETED_DEVICE_FAMILY = "1,2";
			};
			name = Release;
		};
/* End XCBuildConfiguration section */

/* Begin XCConfigurationList section */
		BEEFABCD1234000000000060 /* Build configuration list for PBXProject "StoreCheck" */ = {
			isa = XCConfigurationList;
			buildConfigurations = (
				BEEFABCD1234000000000064 /* Debug */,
				BEEFABCD1234000000000065 /* Release */,
			);
			defaultConfigurationIsVisible = 0;
			defaultConfigurationName = Release;
		};
		BEEFABCD1234000000000061 /* Build configuration list for PBXNativeTarget "StoreCheck" */ = {
			isa = XCConfigurationList;
			buildConfigurations = (
				BEEFABCD1234000000000062 /* Debug */,
				BEEFABCD1234000000000063 /* Release */,
			);
			defaultConfigurationIsVisible = 0;
			defaultConfigurationName = Release;
		};
/* End XCConfigurationList section */

/* Begin XCRemoteSwiftPackageReference section */
		0B885E2B2F41905D0011D606 /* XCRemoteSwiftPackageReference "firebase-ios-sdk" */ = {
			isa = XCRemoteSwiftPackageReference;
			repositoryURL = "https://github.com/firebase/firebase-ios-sdk";
			requirement = {
				kind = upToNextMajorVersion;
				minimumVersion = 12.9.0;
			};
		};
		BEEFABCD1234000000000070 /* XCRemoteSwiftPackageReference "GoogleSignIn-iOS" */ = {
			isa = XCRemoteSwiftPackageReference;
			repositoryURL = "https://github.com/google/GoogleSignIn-iOS";
			requirement = {
				kind = upToNextMajorVersion;
				minimumVersion = 7.0.0;
			};
		};
/* End XCRemoteSwiftPackageReference section */

/* Begin XCSwiftPackageProductDependency section */
		0B3067FB2F4C2625003A33F7 /* FirebaseFunctions */ = {
			isa = XCSwiftPackageProductDependency;
			package = 0B885E2B2F41905D0011D606 /* XCRemoteSwiftPackageReference "firebase-ios-sdk" */;
			productName = FirebaseFunctions;
		};
		0B885E2C2F41905D0011D606 /* FirebaseAuth */ = {
			isa = XCSwiftPackageProductDependency;
			package = 0B885E2B2F41905D0011D606 /* XCRemoteSwiftPackageReference "firebase-ios-sdk" */;
			productName = FirebaseAuth;
		};
		0B885E2E2F41905D0011D606 /* FirebaseCore */ = {
			isa = XCSwiftPackageProductDependency;
			package = 0B885E2B2F41905D0011D606 /* XCRemoteSwiftPackageReference "firebase-ios-sdk" */;
			productName = FirebaseCore;
		};
		0B885E302F41905D0011D606 /* FirebaseFirestore */ = {
			isa = XCSwiftPackageProductDependency;
			package = 0B885E2B2F41905D0011D606 /* XCRemoteSwiftPackageReference "firebase-ios-sdk" */;
			productName = FirebaseFirestore;
		};
		BEEFABCD1234000000000071 /* GoogleSignIn */ = {
			isa = XCSwiftPackageProductDependency;
			package = BEEFABCD1234000000000070 /* XCRemoteSwiftPackageReference "GoogleSignIn-iOS" */;
			productName = GoogleSignIn;
		};
/* End XCSwiftPackageProductDependency section */
	};
	rootObject = BEEFABCD123400000000004F /* Project object */;
}
